// !$*UTF8*$!
{
	archiveVersion = 1;
	classes = {
	};
	objectVersion = 50;
	objects = {

/* Begin PBXBuildFile section */
		FF01FB9D24D2637A00EDA410 /* PageView.swift in Sources */ = {isa = PBXBuildFile; fileRef = FF01FB9C24D2637A00EDA410 /* PageView.swift */; };
		FF01FB9F24D2638900EDA410 /* PageViewController.swift in Sources */ = {isa = PBXBuildFile; fileRef = FF01FB9E24D2638900EDA410 /* PageViewController.swift */; };
		FF01FBA124D2645300EDA410 /* ServingSizeCard.swift in Sources */ = {isa = PBXBuildFile; fileRef = FF01FBA024D2645300EDA410 /* ServingSizeCard.swift */; };
		FF01FBA324D2687900EDA410 /* ServingSizeView.swift in Sources */ = {isa = PBXBuildFile; fileRef = FF01FBA224D2687900EDA410 /* ServingSizeView.swift */; };
		FF07779024D257C9002D68A7 /* MealType.swift in Sources */ = {isa = PBXBuildFile; fileRef = FF07778F24D257C9002D68A7 /* MealType.swift */; };
		FF07779224D25881002D68A7 /* MealListView.swift in Sources */ = {isa = PBXBuildFile; fileRef = FF07779124D25881002D68A7 /* MealListView.swift */; };
		FF07779424D25C0F002D68A7 /* Milk.png in Resources */ = {isa = PBXBuildFile; fileRef = FF07779324D25C0F002D68A7 /* Milk.png */; };
		FF07779624D25C6F002D68A7 /* Omlette Egg.png in Resources */ = {isa = PBXBuildFile; fileRef = FF07779524D25C6F002D68A7 /* Omlette Egg.png */; };
		FF07779824D25CA8002D68A7 /* Beef, Sirloin Steak.png in Resources */ = {isa = PBXBuildFile; fileRef = FF07779724D25CA8002D68A7 /* Beef, Sirloin Steak.png */; };
		FF0777A324D25F97002D68A7 /* Serving Size 2.png in Resources */ = {isa = PBXBuildFile; fileRef = FF07779A24D25F96002D68A7 /* Serving Size 2.png */; };
		FF0777A424D25F97002D68A7 /* Serving Size 3.png in Resources */ = {isa = PBXBuildFile; fileRef = FF07779B24D25F96002D68A7 /* Serving Size 3.png */; };
		FF0777A524D25F97002D68A7 /* Serving Size 8.png in Resources */ = {isa = PBXBuildFile; fileRef = FF07779C24D25F96002D68A7 /* Serving Size 8.png */; };
		FF0777A624D25F97002D68A7 /* Serving Size 4.png in Resources */ = {isa = PBXBuildFile; fileRef = FF07779D24D25F97002D68A7 /* Serving Size 4.png */; };
		FF0777A724D25F97002D68A7 /* Serving Size 1.png in Resources */ = {isa = PBXBuildFile; fileRef = FF07779E24D25F97002D68A7 /* Serving Size 1.png */; };
		FF0777A824D25F97002D68A7 /* Serving Size 6.png in Resources */ = {isa = PBXBuildFile; fileRef = FF07779F24D25F97002D68A7 /* Serving Size 6.png */; };
		FF0777A924D25F97002D68A7 /* Serving Size 7.png in Resources */ = {isa = PBXBuildFile; fileRef = FF0777A024D25F97002D68A7 /* Serving Size 7.png */; };
		FF0777AA24D25F97002D68A7 /* Serving Size 0.png in Resources */ = {isa = PBXBuildFile; fileRef = FF0777A124D25F97002D68A7 /* Serving Size 0.png */; };
		FF0777AB24D25F97002D68A7 /* Serving Size 5.png in Resources */ = {isa = PBXBuildFile; fileRef = FF0777A224D25F97002D68A7 /* Serving Size 5.png */; };
		FF1E160C24D3A80C0043E244 /* PieChartView.swift in Sources */ = {isa = PBXBuildFile; fileRef = FF1E160B24D3A80C0043E244 /* PieChartView.swift */; };
		FF1E160E24D3A8370043E244 /* PieChartSlideView.swift in Sources */ = {isa = PBXBuildFile; fileRef = FF1E160D24D3A8370043E244 /* PieChartSlideView.swift */; };
		FF1E161024D3A8AA0043E244 /* PieChartData.swift in Sources */ = {isa = PBXBuildFile; fileRef = FF1E160F24D3A8AA0043E244 /* PieChartData.swift */; };
		FF1E161224D3A8CD0043E244 /* PieChartSlideData.swift in Sources */ = {isa = PBXBuildFile; fileRef = FF1E161124D3A8CD0043E244 /* PieChartSlideData.swift */; };
		FF1E161424D3A8FA0043E244 /* PieChartDataItem.swift in Sources */ = {isa = PBXBuildFile; fileRef = FF1E161324D3A8FA0043E244 /* PieChartDataItem.swift */; };
		FF1E161624D3AA6E0043E244 /* MealSummaryView.swift in Sources */ = {isa = PBXBuildFile; fileRef = FF1E161524D3AA6E0043E244 /* MealSummaryView.swift */; };
		FF1E161824D3AADA0043E244 /* MealSummary.swift in Sources */ = {isa = PBXBuildFile; fileRef = FF1E161724D3AADA0043E244 /* MealSummary.swift */; };
		FF379B1624D4F94100B441E1 /* Workout.swift in Sources */ = {isa = PBXBuildFile; fileRef = FF379B1524D4F94100B441E1 /* Workout.swift */; };
		FF379B1824D4FA2A00B441E1 /* ExerciseTests.swift in Sources */ = {isa = PBXBuildFile; fileRef = FF379B1724D4FA2A00B441E1 /* ExerciseTests.swift */; };
		FF379B1A24D4FB4800B441E1 /* workoutData.json in Resources */ = {isa = PBXBuildFile; fileRef = FF379B1924D4FB4000B441E1 /* workoutData.json */; };
		FF379B1C24D502F500B441E1 /* WorkoutDetailView.swift in Sources */ = {isa = PBXBuildFile; fileRef = FF379B1B24D502F500B441E1 /* WorkoutDetailView.swift */; };
		FF379B1E24D5030900B441E1 /* WorkoutDetail.swift in Sources */ = {isa = PBXBuildFile; fileRef = FF379B1D24D5030900B441E1 /* WorkoutDetail.swift */; };
		FF379B2324D5050600B441E1 /* Basketball.png in Resources */ = {isa = PBXBuildFile; fileRef = FF379B2024D5050600B441E1 /* Basketball.png */; };
		FF379B2424D5050600B441E1 /* Skateboarding.png in Resources */ = {isa = PBXBuildFile; fileRef = FF379B2124D5050600B441E1 /* Skateboarding.png */; };
		FF379B2524D5050600B441E1 /* Running.png in Resources */ = {isa = PBXBuildFile; fileRef = FF379B2224D5050600B441E1 /* Running.png */; };
		FF3AADF724D3E084001E0D92 /* FoodSelectorView.swift in Sources */ = {isa = PBXBuildFile; fileRef = FF3AADF624D3E084001E0D92 /* FoodSelectorView.swift */; };
		FF3AADFB24D3E16C001E0D92 /* SearchBar.swift in Sources */ = {isa = PBXBuildFile; fileRef = FF3AADFA24D3E16C001E0D92 /* SearchBar.swift */; };
		FF3AADFD24D3F880001E0D92 /* Day.swift in Sources */ = {isa = PBXBuildFile; fileRef = FF3AADFC24D3F880001E0D92 /* Day.swift */; };
		FF3AADFF24D3FAFA001E0D92 /* DayLogView.swift in Sources */ = {isa = PBXBuildFile; fileRef = FF3AADFE24D3FAFA001E0D92 /* DayLogView.swift */; };
		FF3AAE0124D3FB11001E0D92 /* DayLog.swift in Sources */ = {isa = PBXBuildFile; fileRef = FF3AAE0024D3FB11001E0D92 /* DayLog.swift */; };
		FF4A4C1424D692B7000A63EE /* DayNutrientView.swift in Sources */ = {isa = PBXBuildFile; fileRef = FF4A4C1324D692B7000A63EE /* DayNutrientView.swift */; };
		FF4A4C1624D69666000A63EE /* DayBannerView.swift in Sources */ = {isa = PBXBuildFile; fileRef = FF4A4C1524D69666000A63EE /* DayBannerView.swift */; };
		FF4A4C1824D69FA8000A63EE /* PageControl.swift in Sources */ = {isa = PBXBuildFile; fileRef = FF4A4C1724D69FA8000A63EE /* PageControl.swift */; };
		FF4F74BE24D148AF0021C10A /* FoodDetail.swift in Sources */ = {isa = PBXBuildFile; fileRef = FF4F74BD24D148AF0021C10A /* FoodDetail.swift */; };
		FF56EE1A24D537C000A80948 /* WorkoutSelectorView.swift in Sources */ = {isa = PBXBuildFile; fileRef = FF56EE1924D537C000A80948 /* WorkoutSelectorView.swift */; };
		FF56EE1C24D537EB00A80948 /* Exercise.swift in Sources */ = {isa = PBXBuildFile; fileRef = FF56EE1B24D537EB00A80948 /* Exercise.swift */; };
		FF56EE1E24D53CA900A80948 /* ExerciseListView.swift in Sources */ = {isa = PBXBuildFile; fileRef = FF56EE1D24D53CA900A80948 /* ExerciseListView.swift */; };
		FF56EE2024D53CB900A80948 /* ExerciseList.swift in Sources */ = {isa = PBXBuildFile; fileRef = FF56EE1F24D53CB900A80948 /* ExerciseList.swift */; };
		FF58AD3E24D653DB00C0A0F8 /* DayTests.swift in Sources */ = {isa = PBXBuildFile; fileRef = FF58AD3D24D653DB00C0A0F8 /* DayTests.swift */; };
		FF5FA4AA24D7DCD90059A28C /* AppIcon.png in Resources */ = {isa = PBXBuildFile; fileRef = FF5FA4A924D7DCD90059A28C /* AppIcon.png */; };
		FF5FA4AF24D7E2690059A28C /* Snacks.png in Resources */ = {isa = PBXBuildFile; fileRef = FF5FA4AB24D7E2690059A28C /* Snacks.png */; };
		FF5FA4B024D7E2690059A28C /* Lunch.png in Resources */ = {isa = PBXBuildFile; fileRef = FF5FA4AC24D7E2690059A28C /* Lunch.png */; };
		FF5FA4B124D7E2690059A28C /* Dinner.png in Resources */ = {isa = PBXBuildFile; fileRef = FF5FA4AD24D7E2690059A28C /* Dinner.png */; };
		FF5FA4B224D7E2690059A28C /* Breakfast.png in Resources */ = {isa = PBXBuildFile; fileRef = FF5FA4AE24D7E2690059A28C /* Breakfast.png */; };
		FF5FA4B924D7E5060059A28C /* RootTabView.swift in Sources */ = {isa = PBXBuildFile; fileRef = FF5FA4B824D7E5060059A28C /* RootTabView.swift */; };
		FF5FA4BB24D7E5610059A28C /* RootStore.swift in Sources */ = {isa = PBXBuildFile; fileRef = FF5FA4BA24D7E5610059A28C /* RootStore.swift */; };
		FF5FA4BD24D7E5A10059A28C /* AdderView.swift in Sources */ = {isa = PBXBuildFile; fileRef = FF5FA4BC24D7E5A10059A28C /* AdderView.swift */; };
		FF7B26DC24D0FC6D007167C5 /* foodData.json in Resources */ = {isa = PBXBuildFile; fileRef = FF7B26DB24D0FC6D007167C5 /* foodData.json */; };
		FF7B26DE24D0FD3A007167C5 /* Data.swift in Sources */ = {isa = PBXBuildFile; fileRef = FF7B26DD24D0FD3A007167C5 /* Data.swift */; };
		FF7B26E124D0FEBF007167C5 /* FoodTests.swift in Sources */ = {isa = PBXBuildFile; fileRef = FF7B26E024D0FEBF007167C5 /* FoodTests.swift */; };
		FF7B26E424D10889007167C5 /* Chicken Noodle.png in Resources */ = {isa = PBXBuildFile; fileRef = FF7B26E324D10889007167C5 /* Chicken Noodle.png */; };
		FF85CE9524D0131A00E21F0C /* AppDelegate.swift in Sources */ = {isa = PBXBuildFile; fileRef = FF85CE9424D0131A00E21F0C /* AppDelegate.swift */; };
		FF85CE9724D0131A00E21F0C /* SceneDelegate.swift in Sources */ = {isa = PBXBuildFile; fileRef = FF85CE9624D0131A00E21F0C /* SceneDelegate.swift */; };
		FF85CE9A24D0131A00E21F0C /* CaloriePal.xcdatamodeld in Sources */ = {isa = PBXBuildFile; fileRef = FF85CE9824D0131A00E21F0C /* CaloriePal.xcdatamodeld */; };
		FF85CE9C24D0131A00E21F0C /* FoodDetailView.swift in Sources */ = {isa = PBXBuildFile; fileRef = FF85CE9B24D0131A00E21F0C /* FoodDetailView.swift */; };
		FF85CE9E24D0131B00E21F0C /* Assets.xcassets in Resources */ = {isa = PBXBuildFile; fileRef = FF85CE9D24D0131B00E21F0C /* Assets.xcassets */; };
		FF85CEA124D0131B00E21F0C /* Preview Assets.xcassets in Resources */ = {isa = PBXBuildFile; fileRef = FF85CEA024D0131B00E21F0C /* Preview Assets.xcassets */; };
		FF85CEA424D0131B00E21F0C /* LaunchScreen.storyboard in Resources */ = {isa = PBXBuildFile; fileRef = FF85CEA224D0131B00E21F0C /* LaunchScreen.storyboard */; };
		FF85CEAF24D0131B00E21F0C /* CaloriePalTests.swift in Sources */ = {isa = PBXBuildFile; fileRef = FF85CEAE24D0131B00E21F0C /* CaloriePalTests.swift */; };
		FF85CEBC24D01B9200E21F0C /* Food.swift in Sources */ = {isa = PBXBuildFile; fileRef = FF85CEBB24D01B9200E21F0C /* Food.swift */; };
		FF85CEBE24D01D0C00E21F0C /* Nutrient.swift in Sources */ = {isa = PBXBuildFile; fileRef = FF85CEBD24D01D0C00E21F0C /* Nutrient.swift */; };
		FF85CEC024D0211000E21F0C /* FoodType.swift in Sources */ = {isa = PBXBuildFile; fileRef = FF85CEBF24D0211000E21F0C /* FoodType.swift */; };
		FF85CEC224D021E600E21F0C /* FoodAmount.swift in Sources */ = {isa = PBXBuildFile; fileRef = FF85CEC124D021E600E21F0C /* FoodAmount.swift */; };
		FF8C285024D644350056E61E /* MultiProgressBarView.swift in Sources */ = {isa = PBXBuildFile; fileRef = FF8C284F24D644350056E61E /* MultiProgressBarView.swift */; };
		FF8C285224D645480056E61E /* MultiProgressBar.swift in Sources */ = {isa = PBXBuildFile; fileRef = FF8C285124D645480056E61E /* MultiProgressBar.swift */; };
		FF965F3E24D2709F006A1AF6 /* Meal.swift in Sources */ = {isa = PBXBuildFile; fileRef = FF965F3D24D2709F006A1AF6 /* Meal.swift */; };
		FF965F4024D27248006A1AF6 /* MealList.swift in Sources */ = {isa = PBXBuildFile; fileRef = FF965F3F24D27248006A1AF6 /* MealList.swift */; };
		FF965F4224D27441006A1AF6 /* MealTests.swift in Sources */ = {isa = PBXBuildFile; fileRef = FF965F4124D27441006A1AF6 /* MealTests.swift */; };
		FFA7086C24D65AC7002884FA /* DayCalorieView.swift in Sources */ = {isa = PBXBuildFile; fileRef = FFA7086B24D65AC7002884FA /* DayCalorieView.swift */; };
		FFA7086E24D65AD9002884FA /* DayBanner.swift in Sources */ = {isa = PBXBuildFile; fileRef = FFA7086D24D65AD9002884FA /* DayBanner.swift */; };
		FFABAF6924D161CB0071EBA2 /* FoodConvertionTests.swift in Sources */ = {isa = PBXBuildFile; fileRef = FFABAF6824D161CB0071EBA2 /* FoodConvertionTests.swift */; };
		FFBEEAD724D7986E00DA489F /* Plan.swift in Sources */ = {isa = PBXBuildFile; fileRef = FFBEEAD624D7986E00DA489F /* Plan.swift */; };
		FFBEEAD924D7AC9F00DA489F /* DateBannerView.swift in Sources */ = {isa = PBXBuildFile; fileRef = FFBEEAD824D7AC9F00DA489F /* DateBannerView.swift */; };
		FFBEEADB24D7B36000DA489F /* PlanTests.swift in Sources */ = {isa = PBXBuildFile; fileRef = FFBEEADA24D7B36000DA489F /* PlanTests.swift */; };
		FFCA500624DA7CCD005F57B8 /* Adder.swift in Sources */ = {isa = PBXBuildFile; fileRef = FFCA500524DA7CCD005F57B8 /* Adder.swift */; };
		FFD29A6024D55F28007B586D /* Workout.png in Resources */ = {isa = PBXBuildFile; fileRef = FFD29A5F24D55F28007B586D /* Workout.png */; };
		FFD29A6224D56308007B586D /* Meal.png in Resources */ = {isa = PBXBuildFile; fileRef = FFD29A6124D56308007B586D /* Meal.png */; };
/* End PBXBuildFile section */

/* Begin PBXContainerItemProxy section */
		FF85CEAB24D0131B00E21F0C /* PBXContainerItemProxy */ = {
			isa = PBXContainerItemProxy;
			containerPortal = FF85CE8924D0131A00E21F0C /* Project object */;
			proxyType = 1;
			remoteGlobalIDString = FF85CE9024D0131A00E21F0C;
			remoteInfo = CaloriePal;
		};
/* End PBXContainerItemProxy section */

/* Begin PBXFileReference section */
		FF01FB9C24D2637A00EDA410 /* PageView.swift */ = {isa = PBXFileReference; lastKnownFileType = sourcecode.swift; path = PageView.swift; sourceTree = "<group>"; };
		FF01FB9E24D2638900EDA410 /* PageViewController.swift */ = {isa = PBXFileReference; lastKnownFileType = sourcecode.swift; path = PageViewController.swift; sourceTree = "<group>"; };
		FF01FBA024D2645300EDA410 /* ServingSizeCard.swift */ = {isa = PBXFileReference; lastKnownFileType = sourcecode.swift; path = ServingSizeCard.swift; sourceTree = "<group>"; };
		FF01FBA224D2687900EDA410 /* ServingSizeView.swift */ = {isa = PBXFileReference; lastKnownFileType = sourcecode.swift; path = ServingSizeView.swift; sourceTree = "<group>"; };
		FF07778F24D257C9002D68A7 /* MealType.swift */ = {isa = PBXFileReference; lastKnownFileType = sourcecode.swift; path = MealType.swift; sourceTree = "<group>"; };
		FF07779124D25881002D68A7 /* MealListView.swift */ = {isa = PBXFileReference; lastKnownFileType = sourcecode.swift; path = MealListView.swift; sourceTree = "<group>"; };
		FF07779324D25C0F002D68A7 /* Milk.png */ = {isa = PBXFileReference; lastKnownFileType = image.png; path = Milk.png; sourceTree = "<group>"; };
		FF07779524D25C6F002D68A7 /* Omlette Egg.png */ = {isa = PBXFileReference; lastKnownFileType = image.png; path = "Omlette Egg.png"; sourceTree = "<group>"; };
		FF07779724D25CA8002D68A7 /* Beef, Sirloin Steak.png */ = {isa = PBXFileReference; lastKnownFileType = image.png; path = "Beef, Sirloin Steak.png"; sourceTree = "<group>"; };
		FF07779A24D25F96002D68A7 /* Serving Size 2.png */ = {isa = PBXFileReference; lastKnownFileType = image.png; path = "Serving Size 2.png"; sourceTree = "<group>"; };
		FF07779B24D25F96002D68A7 /* Serving Size 3.png */ = {isa = PBXFileReference; lastKnownFileType = image.png; path = "Serving Size 3.png"; sourceTree = "<group>"; };
		FF07779C24D25F96002D68A7 /* Serving Size 8.png */ = {isa = PBXFileReference; lastKnownFileType = image.png; path = "Serving Size 8.png"; sourceTree = "<group>"; };
		FF07779D24D25F97002D68A7 /* Serving Size 4.png */ = {isa = PBXFileReference; lastKnownFileType = image.png; path = "Serving Size 4.png"; sourceTree = "<group>"; };
		FF07779E24D25F97002D68A7 /* Serving Size 1.png */ = {isa = PBXFileReference; lastKnownFileType = image.png; path = "Serving Size 1.png"; sourceTree = "<group>"; };
		FF07779F24D25F97002D68A7 /* Serving Size 6.png */ = {isa = PBXFileReference; lastKnownFileType = image.png; path = "Serving Size 6.png"; sourceTree = "<group>"; };
		FF0777A024D25F97002D68A7 /* Serving Size 7.png */ = {isa = PBXFileReference; lastKnownFileType = image.png; path = "Serving Size 7.png"; sourceTree = "<group>"; };
		FF0777A124D25F97002D68A7 /* Serving Size 0.png */ = {isa = PBXFileReference; lastKnownFileType = image.png; path = "Serving Size 0.png"; sourceTree = "<group>"; };
		FF0777A224D25F97002D68A7 /* Serving Size 5.png */ = {isa = PBXFileReference; lastKnownFileType = image.png; path = "Serving Size 5.png"; sourceTree = "<group>"; };
		FF1E160B24D3A80C0043E244 /* PieChartView.swift */ = {isa = PBXFileReference; lastKnownFileType = sourcecode.swift; path = PieChartView.swift; sourceTree = "<group>"; };
		FF1E160D24D3A8370043E244 /* PieChartSlideView.swift */ = {isa = PBXFileReference; lastKnownFileType = sourcecode.swift; path = PieChartSlideView.swift; sourceTree = "<group>"; };
		FF1E160F24D3A8AA0043E244 /* PieChartData.swift */ = {isa = PBXFileReference; lastKnownFileType = sourcecode.swift; path = PieChartData.swift; sourceTree = "<group>"; };
		FF1E161124D3A8CD0043E244 /* PieChartSlideData.swift */ = {isa = PBXFileReference; lastKnownFileType = sourcecode.swift; path = PieChartSlideData.swift; sourceTree = "<group>"; };
		FF1E161324D3A8FA0043E244 /* PieChartDataItem.swift */ = {isa = PBXFileReference; lastKnownFileType = sourcecode.swift; path = PieChartDataItem.swift; sourceTree = "<group>"; };
		FF1E161524D3AA6E0043E244 /* MealSummaryView.swift */ = {isa = PBXFileReference; lastKnownFileType = sourcecode.swift; path = MealSummaryView.swift; sourceTree = "<group>"; };
		FF1E161724D3AADA0043E244 /* MealSummary.swift */ = {isa = PBXFileReference; lastKnownFileType = sourcecode.swift; path = MealSummary.swift; sourceTree = "<group>"; };
		FF379B1524D4F94100B441E1 /* Workout.swift */ = {isa = PBXFileReference; lastKnownFileType = sourcecode.swift; path = Workout.swift; sourceTree = "<group>"; };
		FF379B1724D4FA2A00B441E1 /* ExerciseTests.swift */ = {isa = PBXFileReference; lastKnownFileType = sourcecode.swift; path = ExerciseTests.swift; sourceTree = "<group>"; };
		FF379B1924D4FB4000B441E1 /* workoutData.json */ = {isa = PBXFileReference; lastKnownFileType = text.json; path = workoutData.json; sourceTree = "<group>"; };
		FF379B1B24D502F500B441E1 /* WorkoutDetailView.swift */ = {isa = PBXFileReference; lastKnownFileType = sourcecode.swift; path = WorkoutDetailView.swift; sourceTree = "<group>"; };
		FF379B1D24D5030900B441E1 /* WorkoutDetail.swift */ = {isa = PBXFileReference; lastKnownFileType = sourcecode.swift; path = WorkoutDetail.swift; sourceTree = "<group>"; };
		FF379B2024D5050600B441E1 /* Basketball.png */ = {isa = PBXFileReference; lastKnownFileType = image.png; path = Basketball.png; sourceTree = "<group>"; };
		FF379B2124D5050600B441E1 /* Skateboarding.png */ = {isa = PBXFileReference; lastKnownFileType = image.png; path = Skateboarding.png; sourceTree = "<group>"; };
		FF379B2224D5050600B441E1 /* Running.png */ = {isa = PBXFileReference; lastKnownFileType = image.png; path = Running.png; sourceTree = "<group>"; };
		FF3AADF624D3E084001E0D92 /* FoodSelectorView.swift */ = {isa = PBXFileReference; lastKnownFileType = sourcecode.swift; path = FoodSelectorView.swift; sourceTree = "<group>"; };
		FF3AADFA24D3E16C001E0D92 /* SearchBar.swift */ = {isa = PBXFileReference; lastKnownFileType = sourcecode.swift; path = SearchBar.swift; sourceTree = "<group>"; };
		FF3AADFC24D3F880001E0D92 /* Day.swift */ = {isa = PBXFileReference; lastKnownFileType = sourcecode.swift; path = Day.swift; sourceTree = "<group>"; };
		FF3AADFE24D3FAFA001E0D92 /* DayLogView.swift */ = {isa = PBXFileReference; lastKnownFileType = sourcecode.swift; path = DayLogView.swift; sourceTree = "<group>"; };
		FF3AAE0024D3FB11001E0D92 /* DayLog.swift */ = {isa = PBXFileReference; lastKnownFileType = sourcecode.swift; path = DayLog.swift; sourceTree = "<group>"; };
		FF4A4C1324D692B7000A63EE /* DayNutrientView.swift */ = {isa = PBXFileReference; lastKnownFileType = sourcecode.swift; path = DayNutrientView.swift; sourceTree = "<group>"; };
		FF4A4C1524D69666000A63EE /* DayBannerView.swift */ = {isa = PBXFileReference; lastKnownFileType = sourcecode.swift; path = DayBannerView.swift; sourceTree = "<group>"; };
		FF4A4C1724D69FA8000A63EE /* PageControl.swift */ = {isa = PBXFileReference; lastKnownFileType = sourcecode.swift; path = PageControl.swift; sourceTree = "<group>"; };
		FF4F74BD24D148AF0021C10A /* FoodDetail.swift */ = {isa = PBXFileReference; lastKnownFileType = sourcecode.swift; path = FoodDetail.swift; sourceTree = "<group>"; };
		FF56EE1924D537C000A80948 /* WorkoutSelectorView.swift */ = {isa = PBXFileReference; lastKnownFileType = sourcecode.swift; path = WorkoutSelectorView.swift; sourceTree = "<group>"; };
		FF56EE1B24D537EB00A80948 /* Exercise.swift */ = {isa = PBXFileReference; lastKnownFileType = sourcecode.swift; path = Exercise.swift; sourceTree = "<group>"; };
		FF56EE1D24D53CA900A80948 /* ExerciseListView.swift */ = {isa = PBXFileReference; lastKnownFileType = sourcecode.swift; path = ExerciseListView.swift; sourceTree = "<group>"; };
		FF56EE1F24D53CB900A80948 /* ExerciseList.swift */ = {isa = PBXFileReference; lastKnownFileType = sourcecode.swift; path = ExerciseList.swift; sourceTree = "<group>"; };
		FF58AD3D24D653DB00C0A0F8 /* DayTests.swift */ = {isa = PBXFileReference; lastKnownFileType = sourcecode.swift; path = DayTests.swift; sourceTree = "<group>"; };
		FF5FA4A924D7DCD90059A28C /* AppIcon.png */ = {isa = PBXFileReference; lastKnownFileType = image.png; path = AppIcon.png; sourceTree = "<group>"; };
		FF5FA4AB24D7E2690059A28C /* Snacks.png */ = {isa = PBXFileReference; lastKnownFileType = image.png; path = Snacks.png; sourceTree = "<group>"; };
		FF5FA4AC24D7E2690059A28C /* Lunch.png */ = {isa = PBXFileReference; lastKnownFileType = image.png; path = Lunch.png; sourceTree = "<group>"; };
		FF5FA4AD24D7E2690059A28C /* Dinner.png */ = {isa = PBXFileReference; lastKnownFileType = image.png; path = Dinner.png; sourceTree = "<group>"; };
		FF5FA4AE24D7E2690059A28C /* Breakfast.png */ = {isa = PBXFileReference; lastKnownFileType = image.png; path = Breakfast.png; sourceTree = "<group>"; };
		FF5FA4B824D7E5060059A28C /* RootTabView.swift */ = {isa = PBXFileReference; lastKnownFileType = sourcecode.swift; path = RootTabView.swift; sourceTree = "<group>"; };
		FF5FA4BA24D7E5610059A28C /* RootStore.swift */ = {isa = PBXFileReference; lastKnownFileType = sourcecode.swift; path = RootStore.swift; sourceTree = "<group>"; };
		FF5FA4BC24D7E5A10059A28C /* AdderView.swift */ = {isa = PBXFileReference; lastKnownFileType = sourcecode.swift; path = AdderView.swift; sourceTree = "<group>"; };
		FF7B26DB24D0FC6D007167C5 /* foodData.json */ = {isa = PBXFileReference; lastKnownFileType = text.json; path = foodData.json; sourceTree = "<group>"; };
		FF7B26DD24D0FD3A007167C5 /* Data.swift */ = {isa = PBXFileReference; lastKnownFileType = sourcecode.swift; path = Data.swift; sourceTree = "<group>"; };
		FF7B26E024D0FEBF007167C5 /* FoodTests.swift */ = {isa = PBXFileReference; lastKnownFileType = sourcecode.swift; path = FoodTests.swift; sourceTree = "<group>"; };
		FF7B26E324D10889007167C5 /* Chicken Noodle.png */ = {isa = PBXFileReference; lastKnownFileType = image.png; path = "Chicken Noodle.png"; sourceTree = "<group>"; };
		FF85CE9124D0131A00E21F0C /* CaloriePal.app */ = {isa = PBXFileReference; explicitFileType = wrapper.application; includeInIndex = 0; path = CaloriePal.app; sourceTree = BUILT_PRODUCTS_DIR; };
		FF85CE9424D0131A00E21F0C /* AppDelegate.swift */ = {isa = PBXFileReference; lastKnownFileType = sourcecode.swift; path = AppDelegate.swift; sourceTree = "<group>"; };
		FF85CE9624D0131A00E21F0C /* SceneDelegate.swift */ = {isa = PBXFileReference; lastKnownFileType = sourcecode.swift; path = SceneDelegate.swift; sourceTree = "<group>"; };
		FF85CE9924D0131A00E21F0C /* CaloriePal.xcdatamodel */ = {isa = PBXFileReference; lastKnownFileType = wrapper.xcdatamodel; path = CaloriePal.xcdatamodel; sourceTree = "<group>"; };
		FF85CE9B24D0131A00E21F0C /* FoodDetailView.swift */ = {isa = PBXFileReference; lastKnownFileType = sourcecode.swift; path = FoodDetailView.swift; sourceTree = "<group>"; };
		FF85CE9D24D0131B00E21F0C /* Assets.xcassets */ = {isa = PBXFileReference; lastKnownFileType = folder.assetcatalog; path = Assets.xcassets; sourceTree = "<group>"; };
		FF85CEA024D0131B00E21F0C /* Preview Assets.xcassets */ = {isa = PBXFileReference; lastKnownFileType = folder.assetcatalog; path = "Preview Assets.xcassets"; sourceTree = "<group>"; };
		FF85CEA324D0131B00E21F0C /* Base */ = {isa = PBXFileReference; lastKnownFileType = file.storyboard; name = Base; path = Base.lproj/LaunchScreen.storyboard; sourceTree = "<group>"; };
		FF85CEA524D0131B00E21F0C /* Info.plist */ = {isa = PBXFileReference; lastKnownFileType = text.plist.xml; path = Info.plist; sourceTree = "<group>"; };
		FF85CEAA24D0131B00E21F0C /* CaloriePalTests.xctest */ = {isa = PBXFileReference; explicitFileType = wrapper.cfbundle; includeInIndex = 0; path = CaloriePalTests.xctest; sourceTree = BUILT_PRODUCTS_DIR; };
		FF85CEAE24D0131B00E21F0C /* CaloriePalTests.swift */ = {isa = PBXFileReference; lastKnownFileType = sourcecode.swift; path = CaloriePalTests.swift; sourceTree = "<group>"; };
		FF85CEB024D0131B00E21F0C /* Info.plist */ = {isa = PBXFileReference; lastKnownFileType = text.plist.xml; path = Info.plist; sourceTree = "<group>"; };
		FF85CEBB24D01B9200E21F0C /* Food.swift */ = {isa = PBXFileReference; lastKnownFileType = sourcecode.swift; path = Food.swift; sourceTree = "<group>"; };
		FF85CEBD24D01D0C00E21F0C /* Nutrient.swift */ = {isa = PBXFileReference; lastKnownFileType = sourcecode.swift; path = Nutrient.swift; sourceTree = "<group>"; };
		FF85CEBF24D0211000E21F0C /* FoodType.swift */ = {isa = PBXFileReference; lastKnownFileType = sourcecode.swift; path = FoodType.swift; sourceTree = "<group>"; };
		FF85CEC124D021E600E21F0C /* FoodAmount.swift */ = {isa = PBXFileReference; lastKnownFileType = sourcecode.swift; path = FoodAmount.swift; sourceTree = "<group>"; };
		FF8C284F24D644350056E61E /* MultiProgressBarView.swift */ = {isa = PBXFileReference; lastKnownFileType = sourcecode.swift; path = MultiProgressBarView.swift; sourceTree = "<group>"; };
		FF8C285124D645480056E61E /* MultiProgressBar.swift */ = {isa = PBXFileReference; lastKnownFileType = sourcecode.swift; path = MultiProgressBar.swift; sourceTree = "<group>"; };
		FF965F3D24D2709F006A1AF6 /* Meal.swift */ = {isa = PBXFileReference; lastKnownFileType = sourcecode.swift; path = Meal.swift; sourceTree = "<group>"; };
		FF965F3F24D27248006A1AF6 /* MealList.swift */ = {isa = PBXFileReference; lastKnownFileType = sourcecode.swift; path = MealList.swift; sourceTree = "<group>"; };
		FF965F4124D27441006A1AF6 /* MealTests.swift */ = {isa = PBXFileReference; lastKnownFileType = sourcecode.swift; path = MealTests.swift; sourceTree = "<group>"; };
		FFA7086B24D65AC7002884FA /* DayCalorieView.swift */ = {isa = PBXFileReference; lastKnownFileType = sourcecode.swift; path = DayCalorieView.swift; sourceTree = "<group>"; };
		FFA7086D24D65AD9002884FA /* DayBanner.swift */ = {isa = PBXFileReference; lastKnownFileType = sourcecode.swift; path = DayBanner.swift; sourceTree = "<group>"; };
		FFABAF6824D161CB0071EBA2 /* FoodConvertionTests.swift */ = {isa = PBXFileReference; lastKnownFileType = sourcecode.swift; path = FoodConvertionTests.swift; sourceTree = "<group>"; };
		FFBEEAD624D7986E00DA489F /* Plan.swift */ = {isa = PBXFileReference; lastKnownFileType = sourcecode.swift; path = Plan.swift; sourceTree = "<group>"; };
		FFBEEAD824D7AC9F00DA489F /* DateBannerView.swift */ = {isa = PBXFileReference; lastKnownFileType = sourcecode.swift; path = DateBannerView.swift; sourceTree = "<group>"; };
		FFBEEADA24D7B36000DA489F /* PlanTests.swift */ = {isa = PBXFileReference; lastKnownFileType = sourcecode.swift; path = PlanTests.swift; sourceTree = "<group>"; };
		FFCA500524DA7CCD005F57B8 /* Adder.swift */ = {isa = PBXFileReference; lastKnownFileType = sourcecode.swift; path = Adder.swift; sourceTree = "<group>"; };
		FFD29A5F24D55F28007B586D /* Workout.png */ = {isa = PBXFileReference; lastKnownFileType = image.png; path = Workout.png; sourceTree = "<group>"; };
		FFD29A6124D56308007B586D /* Meal.png */ = {isa = PBXFileReference; lastKnownFileType = image.png; path = Meal.png; sourceTree = "<group>"; };
/* End PBXFileReference section */

/* Begin PBXFrameworksBuildPhase section */
		FF85CE8E24D0131A00E21F0C /* Frameworks */ = {
			isa = PBXFrameworksBuildPhase;
			buildActionMask = 2147483647;
			files = (
			);
			runOnlyForDeploymentPostprocessing = 0;
		};
		FF85CEA724D0131B00E21F0C /* Frameworks */ = {
			isa = PBXFrameworksBuildPhase;
			buildActionMask = 2147483647;
			files = (
			);
			runOnlyForDeploymentPostprocessing = 0;
		};
/* End PBXFrameworksBuildPhase section */

/* Begin PBXGroup section */
		FF01FB9A24D2628900EDA410 /* DayLog */ = {
			isa = PBXGroup;
			children = (
				FF5FA4B424D7E45E0059A28C /* Day */,
				FF5FA4B524D7E4790059A28C /* Meal */,
				FF5FA4B624D7E48A0059A28C /* Workout */,
			);
			path = DayLog;
			sourceTree = "<group>";
		};
		FF01FB9B24D262A600EDA410 /* Supporting Views */ = {
			isa = PBXGroup;
			children = (
				FF4A4C1724D69FA8000A63EE /* PageControl.swift */,
				FF01FB9C24D2637A00EDA410 /* PageView.swift */,
				FF01FB9E24D2638900EDA410 /* PageViewController.swift */,
				FF1E160B24D3A80C0043E244 /* PieChartView.swift */,
				FF1E160D24D3A8370043E244 /* PieChartSlideView.swift */,
				FF1E160F24D3A8AA0043E244 /* PieChartData.swift */,
				FF1E161124D3A8CD0043E244 /* PieChartSlideData.swift */,
				FF1E161324D3A8FA0043E244 /* PieChartDataItem.swift */,
				FF3AADFA24D3E16C001E0D92 /* SearchBar.swift */,
				FF8C284F24D644350056E61E /* MultiProgressBarView.swift */,
				FF8C285124D645480056E61E /* MultiProgressBar.swift */,
			);
			path = "Supporting Views";
			sourceTree = "<group>";
		};
		FF07779924D25F84002D68A7 /* Serving Sizes */ = {
			isa = PBXGroup;
			children = (
				FF0777A124D25F97002D68A7 /* Serving Size 0.png */,
				FF07779E24D25F97002D68A7 /* Serving Size 1.png */,
				FF07779A24D25F96002D68A7 /* Serving Size 2.png */,
				FF07779B24D25F96002D68A7 /* Serving Size 3.png */,
				FF07779D24D25F97002D68A7 /* Serving Size 4.png */,
				FF0777A224D25F97002D68A7 /* Serving Size 5.png */,
				FF07779F24D25F97002D68A7 /* Serving Size 6.png */,
				FF0777A024D25F97002D68A7 /* Serving Size 7.png */,
				FF07779C24D25F96002D68A7 /* Serving Size 8.png */,
			);
			path = "Serving Sizes";
			sourceTree = "<group>";
		};
		FF379B1F24D504E900B441E1 /* Workout Icons */ = {
			isa = PBXGroup;
			children = (
				FFD29A5F24D55F28007B586D /* Workout.png */,
				FF379B2024D5050600B441E1 /* Basketball.png */,
				FF379B2224D5050600B441E1 /* Running.png */,
				FF379B2124D5050600B441E1 /* Skateboarding.png */,
			);
			path = "Workout Icons";
			sourceTree = "<group>";
		};
		FF5FA4B424D7E45E0059A28C /* Day */ = {
			isa = PBXGroup;
			children = (
				FF3AAE0024D3FB11001E0D92 /* DayLog.swift */,
				FF3AADFE24D3FAFA001E0D92 /* DayLogView.swift */,
				FFBEEAD824D7AC9F00DA489F /* DateBannerView.swift */,
				FFA7086D24D65AD9002884FA /* DayBanner.swift */,
				FF4A4C1524D69666000A63EE /* DayBannerView.swift */,
				FF4A4C1324D692B7000A63EE /* DayNutrientView.swift */,
				FFA7086B24D65AC7002884FA /* DayCalorieView.swift */,
			);
			path = Day;
			sourceTree = "<group>";
		};
		FF5FA4B524D7E4790059A28C /* Meal */ = {
			isa = PBXGroup;
			children = (
				FF965F3F24D27248006A1AF6 /* MealList.swift */,
				FF07779124D25881002D68A7 /* MealListView.swift */,
				FF1E161724D3AADA0043E244 /* MealSummary.swift */,
				FF1E161524D3AA6E0043E244 /* MealSummaryView.swift */,
				FF4F74BD24D148AF0021C10A /* FoodDetail.swift */,
				FF85CE9B24D0131A00E21F0C /* FoodDetailView.swift */,
				FF01FBA024D2645300EDA410 /* ServingSizeCard.swift */,
				FF01FBA224D2687900EDA410 /* ServingSizeView.swift */,
				FF3AADF624D3E084001E0D92 /* FoodSelectorView.swift */,
			);
			path = Meal;
			sourceTree = "<group>";
		};
		FF5FA4B624D7E48A0059A28C /* Workout */ = {
			isa = PBXGroup;
			children = (
				FF379B1B24D502F500B441E1 /* WorkoutDetailView.swift */,
				FF379B1D24D5030900B441E1 /* WorkoutDetail.swift */,
				FF56EE1924D537C000A80948 /* WorkoutSelectorView.swift */,
				FF56EE1D24D53CA900A80948 /* ExerciseListView.swift */,
				FF56EE1F24D53CB900A80948 /* ExerciseList.swift */,
			);
			path = Workout;
			sourceTree = "<group>";
		};
		FF5FA4B724D7E4E10059A28C /* Adder */ = {
			isa = PBXGroup;
			children = (
				FFCA500524DA7CCD005F57B8 /* Adder.swift */,
				FF5FA4BC24D7E5A10059A28C /* AdderView.swift */,
			);
			path = Adder;
			sourceTree = "<group>";
		};
		FF5FA4BE24D7EB5C0059A28C /* RootView */ = {
			isa = PBXGroup;
			children = (
				FF5FA4B824D7E5060059A28C /* RootTabView.swift */,
				FF5FA4BA24D7E5610059A28C /* RootStore.swift */,
			);
			path = RootView;
			sourceTree = "<group>";
		};
		FF7B26DA24D0FC29007167C5 /* Resources */ = {
			isa = PBXGroup;
			children = (
				FF5FA4A924D7DCD90059A28C /* AppIcon.png */,
				FF379B1F24D504E900B441E1 /* Workout Icons */,
				FF07779924D25F84002D68A7 /* Serving Sizes */,
				FF7B26E224D10876007167C5 /* Food Icons */,
				FF7B26DB24D0FC6D007167C5 /* foodData.json */,
				FF379B1924D4FB4000B441E1 /* workoutData.json */,
			);
			path = Resources;
			sourceTree = "<group>";
		};
		FF7B26DF24D0FEA0007167C5 /* ModelsTests */ = {
			isa = PBXGroup;
			children = (
				FF7B26E024D0FEBF007167C5 /* FoodTests.swift */,
				FFABAF6824D161CB0071EBA2 /* FoodConvertionTests.swift */,
				FF965F4124D27441006A1AF6 /* MealTests.swift */,
				FF379B1724D4FA2A00B441E1 /* ExerciseTests.swift */,
				FF58AD3D24D653DB00C0A0F8 /* DayTests.swift */,
				FFBEEADA24D7B36000DA489F /* PlanTests.swift */,
			);
			path = ModelsTests;
			sourceTree = "<group>";
		};
		FF7B26E224D10876007167C5 /* Food Icons */ = {
			isa = PBXGroup;
			children = (
				FF5FA4AE24D7E2690059A28C /* Breakfast.png */,
				FF5FA4AD24D7E2690059A28C /* Dinner.png */,
				FF5FA4AC24D7E2690059A28C /* Lunch.png */,
				FF5FA4AB24D7E2690059A28C /* Snacks.png */,
				FFD29A6124D56308007B586D /* Meal.png */,
				FF07779324D25C0F002D68A7 /* Milk.png */,
				FF07779524D25C6F002D68A7 /* Omlette Egg.png */,
				FF7B26E324D10889007167C5 /* Chicken Noodle.png */,
				FF07779724D25CA8002D68A7 /* Beef, Sirloin Steak.png */,
			);
			path = "Food Icons";
			sourceTree = "<group>";
		};
		FF85CE8824D0131A00E21F0C = {
			isa = PBXGroup;
			children = (
				FF85CE9324D0131A00E21F0C /* CaloriePal */,
				FF85CEAD24D0131B00E21F0C /* CaloriePalTests */,
				FF85CE9224D0131A00E21F0C /* Products */,
			);
			sourceTree = "<group>";
		};
		FF85CE9224D0131A00E21F0C /* Products */ = {
			isa = PBXGroup;
			children = (
				FF85CE9124D0131A00E21F0C /* CaloriePal.app */,
				FF85CEAA24D0131B00E21F0C /* CaloriePalTests.xctest */,
			);
			name = Products;
			sourceTree = "<group>";
		};
		FF85CE9324D0131A00E21F0C /* CaloriePal */ = {
			isa = PBXGroup;
			children = (
				FF7B26DA24D0FC29007167C5 /* Resources */,
				FF01FB9B24D262A600EDA410 /* Supporting Views */,
				FF85CEB924D01B5A00E21F0C /* Models */,
				FF01FB9A24D2628900EDA410 /* DayLog */,
				FF5FA4B724D7E4E10059A28C /* Adder */,
				FF5FA4BE24D7EB5C0059A28C /* RootView */,
				FF85CE9D24D0131B00E21F0C /* Assets.xcassets */,
				FF85CE9424D0131A00E21F0C /* AppDelegate.swift */,
				FF85CE9624D0131A00E21F0C /* SceneDelegate.swift */,
				FF85CEA224D0131B00E21F0C /* LaunchScreen.storyboard */,
				FF85CEA524D0131B00E21F0C /* Info.plist */,
				FF85CE9824D0131A00E21F0C /* CaloriePal.xcdatamodeld */,
				FF85CE9F24D0131B00E21F0C /* Preview Content */,
			);
			path = CaloriePal;
			sourceTree = "<group>";
		};
		FF85CE9F24D0131B00E21F0C /* Preview Content */ = {
			isa = PBXGroup;
			children = (
				FF85CEA024D0131B00E21F0C /* Preview Assets.xcassets */,
			);
			path = "Preview Content";
			sourceTree = "<group>";
		};
		FF85CEAD24D0131B00E21F0C /* CaloriePalTests */ = {
			isa = PBXGroup;
			children = (
				FF7B26DF24D0FEA0007167C5 /* ModelsTests */,
				FF85CEAE24D0131B00E21F0C /* CaloriePalTests.swift */,
				FF85CEB024D0131B00E21F0C /* Info.plist */,
			);
			path = CaloriePalTests;
			sourceTree = "<group>";
		};
		FF85CEB924D01B5A00E21F0C /* Models */ = {
			isa = PBXGroup;
			children = (
				FF85CEBB24D01B9200E21F0C /* Food.swift */,
				FF85CEBD24D01D0C00E21F0C /* Nutrient.swift */,
				FF85CEBF24D0211000E21F0C /* FoodType.swift */,
				FF85CEC124D021E600E21F0C /* FoodAmount.swift */,
				FF7B26DD24D0FD3A007167C5 /* Data.swift */,
				FF07778F24D257C9002D68A7 /* MealType.swift */,
				FF965F3D24D2709F006A1AF6 /* Meal.swift */,
				FF3AADFC24D3F880001E0D92 /* Day.swift */,
				FF379B1524D4F94100B441E1 /* Workout.swift */,
				FF56EE1B24D537EB00A80948 /* Exercise.swift */,
				FFBEEAD624D7986E00DA489F /* Plan.swift */,
			);
			path = Models;
			sourceTree = "<group>";
		};
/* End PBXGroup section */

/* Begin PBXNativeTarget section */
		FF85CE9024D0131A00E21F0C /* CaloriePal */ = {
			isa = PBXNativeTarget;
			buildConfigurationList = FF85CEB324D0131B00E21F0C /* Build configuration list for PBXNativeTarget "CaloriePal" */;
			buildPhases = (
				FF85CE8D24D0131A00E21F0C /* Sources */,
				FF85CE8E24D0131A00E21F0C /* Frameworks */,
				FF85CE8F24D0131A00E21F0C /* Resources */,
			);
			buildRules = (
			);
			dependencies = (
			);
			name = CaloriePal;
			productName = CaloriePal;
			productReference = FF85CE9124D0131A00E21F0C /* CaloriePal.app */;
			productType = "com.apple.product-type.application";
		};
		FF85CEA924D0131B00E21F0C /* CaloriePalTests */ = {
			isa = PBXNativeTarget;
			buildConfigurationList = FF85CEB624D0131B00E21F0C /* Build configuration list for PBXNativeTarget "CaloriePalTests" */;
			buildPhases = (
				FF85CEA624D0131B00E21F0C /* Sources */,
				FF85CEA724D0131B00E21F0C /* Frameworks */,
				FF85CEA824D0131B00E21F0C /* Resources */,
			);
			buildRules = (
			);
			dependencies = (
				FF85CEAC24D0131B00E21F0C /* PBXTargetDependency */,
			);
			name = CaloriePalTests;
			productName = CaloriePalTests;
			productReference = FF85CEAA24D0131B00E21F0C /* CaloriePalTests.xctest */;
			productType = "com.apple.product-type.bundle.unit-test";
		};
/* End PBXNativeTarget section */

/* Begin PBXProject section */
		FF85CE8924D0131A00E21F0C /* Project object */ = {
			isa = PBXProject;
			attributes = {
				LastSwiftUpdateCheck = 1160;
				LastUpgradeCheck = 1160;
				ORGANIZATIONNAME = "Carlistle ZHENG";
				TargetAttributes = {
					FF85CE9024D0131A00E21F0C = {
						CreatedOnToolsVersion = 11.6;
					};
					FF85CEA924D0131B00E21F0C = {
						CreatedOnToolsVersion = 11.6;
						TestTargetID = FF85CE9024D0131A00E21F0C;
					};
				};
			};
			buildConfigurationList = FF85CE8C24D0131A00E21F0C /* Build configuration list for PBXProject "CaloriePal" */;
			compatibilityVersion = "Xcode 9.3";
			developmentRegion = en;
			hasScannedForEncodings = 0;
			knownRegions = (
				en,
				Base,
			);
			mainGroup = FF85CE8824D0131A00E21F0C;
			productRefGroup = FF85CE9224D0131A00E21F0C /* Products */;
			projectDirPath = "";
			projectRoot = "";
			targets = (
				FF85CE9024D0131A00E21F0C /* CaloriePal */,
				FF85CEA924D0131B00E21F0C /* CaloriePalTests */,
			);
		};
/* End PBXProject section */

/* Begin PBXResourcesBuildPhase section */
		FF85CE8F24D0131A00E21F0C /* Resources */ = {
			isa = PBXResourcesBuildPhase;
			buildActionMask = 2147483647;
			files = (
				FF07779824D25CA8002D68A7 /* Beef, Sirloin Steak.png in Resources */,
				FF0777A324D25F97002D68A7 /* Serving Size 2.png in Resources */,
				FF379B2524D5050600B441E1 /* Running.png in Resources */,
				FF5FA4B224D7E2690059A28C /* Breakfast.png in Resources */,
				FF0777A624D25F97002D68A7 /* Serving Size 4.png in Resources */,
				FF07779424D25C0F002D68A7 /* Milk.png in Resources */,
				FF379B2324D5050600B441E1 /* Basketball.png in Resources */,
				FF0777A424D25F97002D68A7 /* Serving Size 3.png in Resources */,
				FF379B2424D5050600B441E1 /* Skateboarding.png in Resources */,
				FF5FA4AA24D7DCD90059A28C /* AppIcon.png in Resources */,
				FF7B26E424D10889007167C5 /* Chicken Noodle.png in Resources */,
				FFD29A6224D56308007B586D /* Meal.png in Resources */,
				FF0777AB24D25F97002D68A7 /* Serving Size 5.png in Resources */,
				FF5FA4B124D7E2690059A28C /* Dinner.png in Resources */,
				FF85CEA424D0131B00E21F0C /* LaunchScreen.storyboard in Resources */,
				FF07779624D25C6F002D68A7 /* Omlette Egg.png in Resources */,
				FF5FA4B024D7E2690059A28C /* Lunch.png in Resources */,
				FF0777A924D25F97002D68A7 /* Serving Size 7.png in Resources */,
				FF0777A724D25F97002D68A7 /* Serving Size 1.png in Resources */,
				FF5FA4AF24D7E2690059A28C /* Snacks.png in Resources */,
				FF85CEA124D0131B00E21F0C /* Preview Assets.xcassets in Resources */,
				FF85CE9E24D0131B00E21F0C /* Assets.xcassets in Resources */,
				FF0777A524D25F97002D68A7 /* Serving Size 8.png in Resources */,
				FFD29A6024D55F28007B586D /* Workout.png in Resources */,
				FF0777A824D25F97002D68A7 /* Serving Size 6.png in Resources */,
				FF0777AA24D25F97002D68A7 /* Serving Size 0.png in Resources */,
				FF7B26DC24D0FC6D007167C5 /* foodData.json in Resources */,
				FF379B1A24D4FB4800B441E1 /* workoutData.json in Resources */,
			);
			runOnlyForDeploymentPostprocessing = 0;
		};
		FF85CEA824D0131B00E21F0C /* Resources */ = {
			isa = PBXResourcesBuildPhase;
			buildActionMask = 2147483647;
			files = (
			);
			runOnlyForDeploymentPostprocessing = 0;
		};
/* End PBXResourcesBuildPhase section */

/* Begin PBXSourcesBuildPhase section */
		FF85CE8D24D0131A00E21F0C /* Sources */ = {
			isa = PBXSourcesBuildPhase;
			buildActionMask = 2147483647;
			files = (
				FF1E161624D3AA6E0043E244 /* MealSummaryView.swift in Sources */,
				FF4F74BE24D148AF0021C10A /* FoodDetail.swift in Sources */,
				FF01FB9F24D2638900EDA410 /* PageViewController.swift in Sources */,
				FF379B1624D4F94100B441E1 /* Workout.swift in Sources */,
				FF5FA4B924D7E5060059A28C /* RootTabView.swift in Sources */,
				FF56EE1E24D53CA900A80948 /* ExerciseListView.swift in Sources */,
				FF85CE9524D0131A00E21F0C /* AppDelegate.swift in Sources */,
				FF56EE1C24D537EB00A80948 /* Exercise.swift in Sources */,
				FF1E161424D3A8FA0043E244 /* PieChartDataItem.swift in Sources */,
				FF3AAE0124D3FB11001E0D92 /* DayLog.swift in Sources */,
				FF1E161224D3A8CD0043E244 /* PieChartSlideData.swift in Sources */,
				FF965F3E24D2709F006A1AF6 /* Meal.swift in Sources */,
				FF85CE9A24D0131A00E21F0C /* CaloriePal.xcdatamodeld in Sources */,
				FF01FBA324D2687900EDA410 /* ServingSizeView.swift in Sources */,
				FF85CEBE24D01D0C00E21F0C /* Nutrient.swift in Sources */,
				FF01FB9D24D2637A00EDA410 /* PageView.swift in Sources */,
				FF56EE1A24D537C000A80948 /* WorkoutSelectorView.swift in Sources */,
				FF1E161824D3AADA0043E244 /* MealSummary.swift in Sources */,
				FF965F4024D27248006A1AF6 /* MealList.swift in Sources */,
				FF5FA4BB24D7E5610059A28C /* RootStore.swift in Sources */,
				FF3AADF724D3E084001E0D92 /* FoodSelectorView.swift in Sources */,
				FF3AADFD24D3F880001E0D92 /* Day.swift in Sources */,
				FFA7086E24D65AD9002884FA /* DayBanner.swift in Sources */,
				FF07779024D257C9002D68A7 /* MealType.swift in Sources */,
				FF8C285224D645480056E61E /* MultiProgressBar.swift in Sources */,
				FF379B1E24D5030900B441E1 /* WorkoutDetail.swift in Sources */,
				FFBEEAD924D7AC9F00DA489F /* DateBannerView.swift in Sources */,
				FF1E160E24D3A8370043E244 /* PieChartSlideView.swift in Sources */,
				FF85CEBC24D01B9200E21F0C /* Food.swift in Sources */,
				FF1E160C24D3A80C0043E244 /* PieChartView.swift in Sources */,
				FF5FA4BD24D7E5A10059A28C /* AdderView.swift in Sources */,
				FF4A4C1624D69666000A63EE /* DayBannerView.swift in Sources */,
				FFCA500624DA7CCD005F57B8 /* Adder.swift in Sources */,
				FF8C285024D644350056E61E /* MultiProgressBarView.swift in Sources */,
				FF85CE9C24D0131A00E21F0C /* FoodDetailView.swift in Sources */,
				FFBEEAD724D7986E00DA489F /* Plan.swift in Sources */,
				FF4A4C1824D69FA8000A63EE /* PageControl.swift in Sources */,
				FF01FBA124D2645300EDA410 /* ServingSizeCard.swift in Sources */,
				FF3AADFB24D3E16C001E0D92 /* SearchBar.swift in Sources */,
				FFA7086C24D65AC7002884FA /* DayCalorieView.swift in Sources */,
				FF4A4C1424D692B7000A63EE /* DayNutrientView.swift in Sources */,
				FF56EE2024D53CB900A80948 /* ExerciseList.swift in Sources */,
				FF85CEC024D0211000E21F0C /* FoodType.swift in Sources */,
				FF85CE9724D0131A00E21F0C /* SceneDelegate.swift in Sources */,
				FF3AADFF24D3FAFA001E0D92 /* DayLogView.swift in Sources */,
				FF379B1C24D502F500B441E1 /* WorkoutDetailView.swift in Sources */,
				FF7B26DE24D0FD3A007167C5 /* Data.swift in Sources */,
				FF85CEC224D021E600E21F0C /* FoodAmount.swift in Sources */,
				FF1E161024D3A8AA0043E244 /* PieChartData.swift in Sources */,
				FF07779224D25881002D68A7 /* MealListView.swift in Sources */,
			);
			runOnlyForDeploymentPostprocessing = 0;
		};
		FF85CEA624D0131B00E21F0C /* Sources */ = {
			isa = PBXSourcesBuildPhase;
			buildActionMask = 2147483647;
			files = (
				FFBEEADB24D7B36000DA489F /* PlanTests.swift in Sources */,
				FF965F4224D27441006A1AF6 /* MealTests.swift in Sources */,
				FF379B1824D4FA2A00B441E1 /* ExerciseTests.swift in Sources */,
				FFABAF6924D161CB0071EBA2 /* FoodConvertionTests.swift in Sources */,
				FF58AD3E24D653DB00C0A0F8 /* DayTests.swift in Sources */,
				FF85CEAF24D0131B00E21F0C /* CaloriePalTests.swift in Sources */,
				FF7B26E124D0FEBF007167C5 /* FoodTests.swift in Sources */,
			);
			runOnlyForDeploymentPostprocessing = 0;
		};
/* End PBXSourcesBuildPhase section */

/* Begin PBXTargetDependency section */
		FF85CEAC24D0131B00E21F0C /* PBXTargetDependency */ = {
			isa = PBXTargetDependency;
			target = FF85CE9024D0131A00E21F0C /* CaloriePal */;
			targetProxy = FF85CEAB24D0131B00E21F0C /* PBXContainerItemProxy */;
		};
/* End PBXTargetDependency section */

/* Begin PBXVariantGroup section */
		FF85CEA224D0131B00E21F0C /* LaunchScreen.storyboard */ = {
			isa = PBXVariantGroup;
			children = (
				FF85CEA324D0131B00E21F0C /* Base */,
			);
			name = LaunchScreen.storyboard;
			sourceTree = "<group>";
		};
/* End PBXVariantGroup section */

/* Begin XCBuildConfiguration section */
		FF85CEB124D0131B00E21F0C /* Debug */ = {
			isa = XCBuildConfiguration;
			buildSettings = {
				ALWAYS_SEARCH_USER_PATHS = NO;
				CLANG_ANALYZER_NONNULL = YES;
				CLANG_ANALYZER_NUMBER_OBJECT_CONVERSION = YES_AGGRESSIVE;
				CLANG_CXX_LANGUAGE_STANDARD = "gnu++14";
				CLANG_CXX_LIBRARY = "libc++";
				CLANG_ENABLE_MODULES = YES;
				CLANG_ENABLE_OBJC_ARC = YES;
				CLANG_ENABLE_OBJC_WEAK = YES;
				CLANG_WARN_BLOCK_CAPTURE_AUTORELEASING = YES;
				CLANG_WARN_BOOL_CONVERSION = YES;
				CLANG_WARN_COMMA = YES;
				CLANG_WARN_CONSTANT_CONVERSION = YES;
				CLANG_WARN_DEPRECATED_OBJC_IMPLEMENTATIONS = YES;
				CLANG_WARN_DIRECT_OBJC_ISA_USAGE = YES_ERROR;
				CLANG_WARN_DOCUMENTATION_COMMENTS = YES;
				CLANG_WARN_EMPTY_BODY = YES;
				CLANG_WARN_ENUM_CONVERSION = YES;
				CLANG_WARN_INFINITE_RECURSION = YES;
				CLANG_WARN_INT_CONVERSION = YES;
				CLANG_WARN_NON_LITERAL_NULL_CONVERSION = YES;
				CLANG_WARN_OBJC_IMPLICIT_RETAIN_SELF = YES;
				CLANG_WARN_OBJC_LITERAL_CONVERSION = YES;
				CLANG_WARN_OBJC_ROOT_CLASS = YES_ERROR;
				CLANG_WARN_RANGE_LOOP_ANALYSIS = YES;
				CLANG_WARN_STRICT_PROTOTYPES = YES;
				CLANG_WARN_SUSPICIOUS_MOVE = YES;
				CLANG_WARN_UNGUARDED_AVAILABILITY = YES_AGGRESSIVE;
				CLANG_WARN_UNREACHABLE_CODE = YES;
				CLANG_WARN__DUPLICATE_METHOD_MATCH = YES;
				COPY_PHASE_STRIP = NO;
				DEBUG_INFORMATION_FORMAT = dwarf;
				ENABLE_STRICT_OBJC_MSGSEND = YES;
				ENABLE_TESTABILITY = YES;
				GCC_C_LANGUAGE_STANDARD = gnu11;
				GCC_DYNAMIC_NO_PIC = NO;
				GCC_NO_COMMON_BLOCKS = YES;
				GCC_OPTIMIZATION_LEVEL = 0;
				GCC_PREPROCESSOR_DEFINITIONS = (
					"DEBUG=1",
					"$(inherited)",
				);
				GCC_WARN_64_TO_32_BIT_CONVERSION = YES;
				GCC_WARN_ABOUT_RETURN_TYPE = YES_ERROR;
				GCC_WARN_UNDECLARED_SELECTOR = YES;
				GCC_WARN_UNINITIALIZED_AUTOS = YES_AGGRESSIVE;
				GCC_WARN_UNUSED_FUNCTION = YES;
				GCC_WARN_UNUSED_VARIABLE = YES;
				IPHONEOS_DEPLOYMENT_TARGET = 13.6;
				MTL_ENABLE_DEBUG_INFO = INCLUDE_SOURCE;
				MTL_FAST_MATH = YES;
				ONLY_ACTIVE_ARCH = YES;
				SDKROOT = iphoneos;
				SWIFT_ACTIVE_COMPILATION_CONDITIONS = DEBUG;
				SWIFT_OPTIMIZATION_LEVEL = "-Onone";
			};
			name = Debug;
		};
		FF85CEB224D0131B00E21F0C /* Release */ = {
			isa = XCBuildConfiguration;
			buildSettings = {
				ALWAYS_SEARCH_USER_PATHS = NO;
				CLANG_ANALYZER_NONNULL = YES;
				CLANG_ANALYZER_NUMBER_OBJECT_CONVERSION = YES_AGGRESSIVE;
				CLANG_CXX_LANGUAGE_STANDARD = "gnu++14";
				CLANG_CXX_LIBRARY = "libc++";
				CLANG_ENABLE_MODULES = YES;
				CLANG_ENABLE_OBJC_ARC = YES;
				CLANG_ENABLE_OBJC_WEAK = YES;
				CLANG_WARN_BLOCK_CAPTURE_AUTORELEASING = YES;
				CLANG_WARN_BOOL_CONVERSION = YES;
				CLANG_WARN_COMMA = YES;
				CLANG_WARN_CONSTANT_CONVERSION = YES;
				CLANG_WARN_DEPRECATED_OBJC_IMPLEMENTATIONS = YES;
				CLANG_WARN_DIRECT_OBJC_ISA_USAGE = YES_ERROR;
				CLANG_WARN_DOCUMENTATION_COMMENTS = YES;
				CLANG_WARN_EMPTY_BODY = YES;
				CLANG_WARN_ENUM_CONVERSION = YES;
				CLANG_WARN_INFINITE_RECURSION = YES;
				CLANG_WARN_INT_CONVERSION = YES;
				CLANG_WARN_NON_LITERAL_NULL_CONVERSION = YES;
				CLANG_WARN_OBJC_IMPLICIT_RETAIN_SELF = YES;
				CLANG_WARN_OBJC_LITERAL_CONVERSION = YES;
				CLANG_WARN_OBJC_ROOT_CLASS = YES_ERROR;
				CLANG_WARN_RANGE_LOOP_ANALYSIS = YES;
				CLANG_WARN_STRICT_PROTOTYPES = YES;
				CLANG_WARN_SUSPICIOUS_MOVE = YES;
				CLANG_WARN_UNGUARDED_AVAILABILITY = YES_AGGRESSIVE;
				CLANG_WARN_UNREACHABLE_CODE = YES;
				CLANG_WARN__DUPLICATE_METHOD_MATCH = YES;
				COPY_PHASE_STRIP = NO;
				DEBUG_INFORMATION_FORMAT = "dwarf-with-dsym";
				ENABLE_NS_ASSERTIONS = NO;
				ENABLE_STRICT_OBJC_MSGSEND = YES;
				GCC_C_LANGUAGE_STANDARD = gnu11;
				GCC_NO_COMMON_BLOCKS = YES;
				GCC_WARN_64_TO_32_BIT_CONVERSION = YES;
				GCC_WARN_ABOUT_RETURN_TYPE = YES_ERROR;
				GCC_WARN_UNDECLARED_SELECTOR = YES;
				GCC_WARN_UNINITIALIZED_AUTOS = YES_AGGRESSIVE;
				GCC_WARN_UNUSED_FUNCTION = YES;
				GCC_WARN_UNUSED_VARIABLE = YES;
				IPHONEOS_DEPLOYMENT_TARGET = 13.6;
				MTL_ENABLE_DEBUG_INFO = NO;
				MTL_FAST_MATH = YES;
				SDKROOT = iphoneos;
				SWIFT_COMPILATION_MODE = wholemodule;
				SWIFT_OPTIMIZATION_LEVEL = "-O";
				VALIDATE_PRODUCT = YES;
			};
			name = Release;
		};
		FF85CEB424D0131B00E21F0C /* Debug */ = {
			isa = XCBuildConfiguration;
			buildSettings = {
				ASSETCATALOG_COMPILER_APPICON_NAME = AppIcon;
				CODE_SIGN_STYLE = Automatic;
				DEVELOPMENT_ASSET_PATHS = "\"CaloriePal/Preview Content\"";
				DEVELOPMENT_TEAM = C9Z965MBZG;
				ENABLE_PREVIEWS = YES;
				INFOPLIST_FILE = CaloriePal/Info.plist;
				LD_RUNPATH_SEARCH_PATHS = (
					"$(inherited)",
					"@executable_path/Frameworks",
				);
				PRODUCT_BUNDLE_IDENTIFIER = CarlistleZheng.PersonalTeam.CaloriePal;
				PRODUCT_NAME = "$(TARGET_NAME)";
				SWIFT_VERSION = 5.0;
				TARGETED_DEVICE_FAMILY = "1,2";
			};
			name = Debug;
		};
		FF85CEB524D0131B00E21F0C /* Release */ = {
			isa = XCBuildConfiguration;
			buildSettings = {
				ASSETCATALOG_COMPILER_APPICON_NAME = AppIcon;
				CODE_SIGN_STYLE = Automatic;
				DEVELOPMENT_ASSET_PATHS = "\"CaloriePal/Preview Content\"";
				DEVELOPMENT_TEAM = C9Z965MBZG;
				ENABLE_PREVIEWS = YES;
				INFOPLIST_FILE = CaloriePal/Info.plist;
				LD_RUNPATH_SEARCH_PATHS = (
					"$(inherited)",
					"@executable_path/Frameworks",
				);
				PRODUCT_BUNDLE_IDENTIFIER = CarlistleZheng.PersonalTeam.CaloriePal;
				PRODUCT_NAME = "$(TARGET_NAME)";
				SWIFT_VERSION = 5.0;
				TARGETED_DEVICE_FAMILY = "1,2";
			};
			name = Release;
		};
		FF85CEB724D0131B00E21F0C /* Debug */ = {
			isa = XCBuildConfiguration;
			buildSettings = {
				ALWAYS_EMBED_SWIFT_STANDARD_LIBRARIES = YES;
				BUNDLE_LOADER = "$(TEST_HOST)";
				CODE_SIGN_STYLE = Automatic;
				DEVELOPMENT_TEAM = C9Z965MBZG;
				INFOPLIST_FILE = CaloriePalTests/Info.plist;
				IPHONEOS_DEPLOYMENT_TARGET = 13.6;
				LD_RUNPATH_SEARCH_PATHS = (
					"$(inherited)",
					"@executable_path/Frameworks",
					"@loader_path/Frameworks",
				);
				PRODUCT_BUNDLE_IDENTIFIER = CarlistleZheng.PersonalTeam.CaloriePalTests;
				PRODUCT_NAME = "$(TARGET_NAME)";
				SWIFT_VERSION = 5.0;
				TARGETED_DEVICE_FAMILY = "1,2";
				TEST_HOST = "$(BUILT_PRODUCTS_DIR)/CaloriePal.app/CaloriePal";
			};
			name = Debug;
		};
		FF85CEB824D0131B00E21F0C /* Release */ = {
			isa = XCBuildConfiguration;
			buildSettings = {
				ALWAYS_EMBED_SWIFT_STANDARD_LIBRARIES = YES;
				BUNDLE_LOADER = "$(TEST_HOST)";
				CODE_SIGN_STYLE = Automatic;
				DEVELOPMENT_TEAM = C9Z965MBZG;
				INFOPLIST_FILE = CaloriePalTests/Info.plist;
				IPHONEOS_DEPLOYMENT_TARGET = 13.6;
				LD_RUNPATH_SEARCH_PATHS = (
					"$(inherited)",
					"@executable_path/Frameworks",
					"@loader_path/Frameworks",
				);
				PRODUCT_BUNDLE_IDENTIFIER = CarlistleZheng.PersonalTeam.CaloriePalTests;
				PRODUCT_NAME = "$(TARGET_NAME)";
				SWIFT_VERSION = 5.0;
				TARGETED_DEVICE_FAMILY = "1,2";
				TEST_HOST = "$(BUILT_PRODUCTS_DIR)/CaloriePal.app/CaloriePal";
			};
			name = Release;
		};
/* End XCBuildConfiguration section */

/* Begin XCConfigurationList section */
		FF85CE8C24D0131A00E21F0C /* Build configuration list for PBXProject "CaloriePal" */ = {
			isa = XCConfigurationList;
			buildConfigurations = (
				FF85CEB124D0131B00E21F0C /* Debug */,
				FF85CEB224D0131B00E21F0C /* Release */,
			);
			defaultConfigurationIsVisible = 0;
			defaultConfigurationName = Release;
		};
		FF85CEB324D0131B00E21F0C /* Build configuration list for PBXNativeTarget "CaloriePal" */ = {
			isa = XCConfigurationList;
			buildConfigurations = (
				FF85CEB424D0131B00E21F0C /* Debug */,
				FF85CEB524D0131B00E21F0C /* Release */,
			);
			defaultConfigurationIsVisible = 0;
			defaultConfigurationName = Release;
		};
		FF85CEB624D0131B00E21F0C /* Build configuration list for PBXNativeTarget "CaloriePalTests" */ = {
			isa = XCConfigurationList;
			buildConfigurations = (
				FF85CEB724D0131B00E21F0C /* Debug */,
				FF85CEB824D0131B00E21F0C /* Release */,
			);
			defaultConfigurationIsVisible = 0;
			defaultConfigurationName = Release;
		};
/* End XCConfigurationList section */

/* Begin XCVersionGroup section */
		FF85CE9824D0131A00E21F0C /* CaloriePal.xcdatamodeld */ = {
			isa = XCVersionGroup;
			children = (
				FF85CE9924D0131A00E21F0C /* CaloriePal.xcdatamodel */,
			);
			currentVersion = FF85CE9924D0131A00E21F0C /* CaloriePal.xcdatamodel */;
			path = CaloriePal.xcdatamodeld;
			sourceTree = "<group>";
			versionGroupType = wrapper.xcdatamodel;
		};
/* End XCVersionGroup section */
	};
	rootObject = FF85CE8924D0131A00E21F0C /* Project object */;
}
